
Microsoft Visual Studio Solution File, Format Version 12.00
# Visual Studio Version 17
VisualStudioVersion = 17.7.34221.43
MinimumVisualStudioVersion = 10.0.40219.1
Project("{9A19103F-16F7-4668-BE54-9A1E7A4F7556}") = "P02_FootballBetting.Data", "P02_FootballBetting.Data\P02_FootballBetting.Data.csproj", "{D6EE3B95-FBE1-4685-BF33-EB65B8208D2C}"
EndProject
Project("{9A19103F-16F7-4668-BE54-9A1E7A4F7556}") = "P02_FootballBetting.Data.Models", "P02_FootballBetting.Data.Models\P02_FootballBetting.Data.Models.csproj", "{DC2EDD9D-1A0D-439F-B254-432B2CE43E9A}"
EndProject
Project("{9A19103F-16F7-4668-BE54-9A1E7A4F7556}") = "P02_FootballBetting.Data.Common", "P02_FootballBetting.Data.Common\P02_FootballBetting.Data.Common.csproj", "{C8E83D0B-2C9A-492E-A1C7-EE40F09405D6}"
EndProject
Project("{FAE04EC0-301F-11D3-BF4B-00C04F79EFBC}") = "P02_FootballBetting", "P02_FootballBetting\P02_FootballBetting.csproj", "{AE943785-5998-488B-A018-C5DBFA8D4A6B}"
EndProject
Global
	GlobalSection(SolutionConfigurationPlatforms) = preSolution
		Debug|Any CPU = Debug|Any CPU
		Release|Any CPU = Release|Any CPU
	EndGlobalSection
	GlobalSection(ProjectConfigurationPlatforms) = postSolution
		{D6EE3B95-FBE1-4685-BF33-EB65B8208D2C}.Debug|Any CPU.ActiveCfg = Debug|Any CPU
		{D6EE3B95-FBE1-4685-BF33-EB65B8208D2C}.Debug|Any CPU.Build.0 = Debug|Any CPU
		{D6EE3B95-FBE1-4685-BF33-EB65B8208D2C}.Release|Any CPU.ActiveCfg = Release|Any CPU
		{D6EE3B95-FBE1-4685-BF33-EB65B8208D2C}.Release|Any CPU.Build.0 = Release|Any CPU
		{DC2EDD9D-1A0D-439F-B254-432B2CE43E9A}.Debug|Any CPU.ActiveCfg = Debug|Any CPU
		{DC2EDD9D-1A0D-439F-B254-432B2CE43E9A}.Debug|Any CPU.Build.0 = Debug|Any CPU
		{DC2EDD9D-1A0D-439F-B254-432B2CE43E9A}.Release|Any CPU.ActiveCfg = Release|Any CPU
		{DC2EDD9D-1A0D-439F-B254-432B2CE43E9A}.Release|Any CPU.Build.0 = Release|Any CPU
		{C8E83D0B-2C9A-492E-A1C7-EE40F09405D6}.Debug|Any CPU.ActiveCfg = Debug|Any CPU
		{C8E83D0B-2C9A-492E-A1C7-EE40F09405D6}.Debug|Any CPU.Build.0 = Debug|Any CPU
		{C8E83D0B-2C9A-492E-A1C7-EE40F09405D6}.Release|Any CPU.ActiveCfg = Release|Any CPU
		{C8E83D0B-2C9A-492E-A1C7-EE40F09405D6}.Release|Any CPU.Build.0 = Release|Any CPU
		{AE943785-5998-488B-A018-C5DBFA8D4A6B}.Debug|Any CPU.ActiveCfg = Debug|Any CPU
		{AE943785-5998-488B-A018-C5DBFA8D4A6B}.Debug|Any CPU.Build.0 = Debug|Any CPU
		{AE943785-5998-488B-A018-C5DBFA8D4A6B}.Release|Any CPU.ActiveCfg = Release|Any CPU
		{AE943785-5998-488B-A018-C5DBFA8D4A6B}.Release|Any CPU.Build.0 = Release|Any CPU
	EndGlobalSection
	GlobalSection(SolutionProperties) = preSolution
		HideSolutionNode = FALSE
	EndGlobalSection
	GlobalSection(ExtensibilityGlobals) = postSolution
		SolutionGuid = {20414F66-F5E5-46BC-801A-6230263371B0}
	EndGlobalSection
EndGlobal
